// !$*UTF8*$!
{
	archiveVersion = 1;
	classes = {
	};
	objectVersion = 50;
	objects = {

/* Begin PBXBuildFile section */
		D285F5F6262B7C9800B47125 /* AppDelegate.swift in Sources */ = {isa = PBXBuildFile; fileRef = D285F5F5262B7C9800B47125 /* AppDelegate.swift */; };
		D285F5F8262B7C9800B47125 /* SceneDelegate.swift in Sources */ = {isa = PBXBuildFile; fileRef = D285F5F7262B7C9800B47125 /* SceneDelegate.swift */; };
		D285F5FA262B7C9800B47125 /* ViewController.swift in Sources */ = {isa = PBXBuildFile; fileRef = D285F5F9262B7C9800B47125 /* ViewController.swift */; };
		D285F5FD262B7C9800B47125 /* Main.storyboard in Resources */ = {isa = PBXBuildFile; fileRef = D285F5FB262B7C9800B47125 /* Main.storyboard */; };
		D285F5FF262B7C9900B47125 /* Assets.xcassets in Resources */ = {isa = PBXBuildFile; fileRef = D285F5FE262B7C9900B47125 /* Assets.xcassets */; };
		D285F602262B7C9900B47125 /* LaunchScreen.storyboard in Resources */ = {isa = PBXBuildFile; fileRef = D285F600262B7C9900B47125 /* LaunchScreen.storyboard */; };
/* End PBXBuildFile section */

/* Begin PBXFileReference section */
		D285F5F2262B7C9800B47125 /* Produtividade.app */ = {isa = PBXFileReference; explicitFileType = wrapper.application; includeInIndex = 0; path = Produtividade.app; sourceTree = BUILT_PRODUCTS_DIR; };
		D285F5F5262B7C9800B47125 /* AppDelegate.swift */ = {isa = PBXFileReference; lastKnownFileType = sourcecode.swift; path = AppDelegate.swift; sourceTree = "<group>"; };
		D285F5F7262B7C9800B47125 /* SceneDelegate.swift */ = {isa = PBXFileReference; lastKnownFileType = sourcecode.swift; path = SceneDelegate.swift; sourceTree = "<group>"; };
		D285F5F9262B7C9800B47125 /* ViewController.swift */ = {isa = PBXFileReference; lastKnownFileType = sourcecode.swift; path = ViewController.swift; sourceTree = "<group>"; };
		D285F5FC262B7C9800B47125 /* Base */ = {isa = PBXFileReference; lastKnownFileType = file.storyboard; name = Base; path = Base.lproj/Main.storyboard; sourceTree = "<group>"; };
		D285F5FE262B7C9900B47125 /* Assets.xcassets */ = {isa = PBXFileReference; lastKnownFileType = folder.assetcatalog; path = Assets.xcassets; sourceTree = "<group>"; };
		D285F601262B7C9900B47125 /* Base */ = {isa = PBXFileReference; lastKnownFileType = file.storyboard; name = Base; path = Base.lproj/LaunchScreen.storyboard; sourceTree = "<group>"; };
		D285F603262B7C9900B47125 /* Info.plist */ = {isa = PBXFileReference; lastKnownFileType = text.plist.xml; path = Info.plist; sourceTree = "<group>"; };
/* End PBXFileReference section */

/* Begin PBXFrameworksBuildPhase section */
		D285F5EF262B7C9800B47125 /* Frameworks */ = {
			isa = PBXFrameworksBuildPhase;
			buildActionMask = 2147483647;
			files = (
			);
			runOnlyForDeploymentPostprocessing = 0;
		};
/* End PBXFrameworksBuildPhase section */

/* Begin PBXGroup section */
		D285F5E9262B7C9800B47125 = {
			isa = PBXGroup;
			children = (
				D285F5F4262B7C9800B47125 /* Produtividade */,
				D285F5F3262B7C9800B47125 /* Products */,
			);
			sourceTree = "<group>";
		};
		D285F5F3262B7C9800B47125 /* Products */ = {
			isa = PBXGroup;
			children = (
				D285F5F2262B7C9800B47125 /* Produtividade.app */,
			);
			name = Products;
			sourceTree = "<group>";
		};
		D285F5F4262B7C9800B47125 /* Produtividade */ = {
			isa = PBXGroup;
			children = (
				D285F5F5262B7C9800B47125 /* AppDelegate.swift */,
				D285F5F7262B7C9800B47125 /* SceneDelegate.swift */,
				D285F5F9262B7C9800B47125 /* ViewController.swift */,
				D285F5FB262B7C9800B47125 /* Main.storyboard */,
				D285F5FE262B7C9900B47125 /* Assets.xcassets */,
				D285F600262B7C9900B47125 /* LaunchScreen.storyboard */,
				D285F603262B7C9900B47125 /* Info.plist */,
			);
			path = Produtividade;
			sourceTree = "<group>";
		};
/* End PBXGroup section */

/* Begin PBXNativeTarget section */
		D285F5F1262B7C9800B47125 /* Produtividade */ = {
			isa = PBXNativeTarget;
			buildConfigurationList = D285F606262B7C9900B47125 /* Build configuration list for PBXNativeTarget "Produtividade" */;
			buildPhases = (
				D285F5EE262B7C9800B47125 /* Sources */,
				D285F5EF262B7C9800B47125 /* Frameworks */,
				D285F5F0262B7C9800B47125 /* Resources */,
			);
			buildRules = (
			);
			dependencies = (
			);
			name = Produtividade;
			productName = Produtividade;
			productReference = D285F5F2262B7C9800B47125 /* Produtividade.app */;
			productType = "com.apple.product-type.application";
		};
/* End PBXNativeTarget section */

/* Begin PBXProject section */
		D285F5EA262B7C9800B47125 /* Project object */ = {
			isa = PBXProject;
			attributes = {
				LastSwiftUpdateCheck = 1240;
				LastUpgradeCheck = 1240;
				TargetAttributes = {
					D285F5F1262B7C9800B47125 = {
						CreatedOnToolsVersion = 12.4;
					};
				};
			};
			buildConfigurationList = D285F5ED262B7C9800B47125 /* Build configuration list for PBXProject "Produtividade" */;
			compatibilityVersion = "Xcode 9.3";
			developmentRegion = en;
			hasScannedForEncodings = 0;
			knownRegions = (
				en,
				Base,
			);
			mainGroup = D285F5E9262B7C9800B47125;
			productRefGroup = D285F5F3262B7C9800B47125 /* Products */;
			projectDirPath = "";
			projectRoot = "";
			targets = (
				D285F5F1262B7C9800B47125 /* Produtividade */,
			);
		};
/* End PBXProject section */

/* Begin PBXResourcesBuildPhase section */
		D285F5F0262B7C9800B47125 /* Resources */ = {
			isa = PBXResourcesBuildPhase;
			buildActionMask = 2147483647;
			files = (
				D285F602262B7C9900B47125 /* LaunchScreen.storyboard in Resources */,
				D285F5FF262B7C9900B47125 /* Assets.xcassets in Resources */,
				D285F5FD262B7C9800B47125 /* Main.storyboard in Resources */,
			);
			runOnlyForDeploymentPostprocessing = 0;
		};
/* End PBXResourcesBuildPhase section */

/* Begin PBXSourcesBuildPhase section */
		D285F5EE262B7C9800B47125 /* Sources */ = {
			isa = PBXSourcesBuildPhase;
			buildActionMask = 2147483647;
			files = (
				D285F5FA262B7C9800B47125 /* ViewController.swift in Sources */,
				D285F5F6262B7C9800B47125 /* AppDelegate.swift in Sources */,
				D285F5F8262B7C9800B47125 /* SceneDelegate.swift in Sources */,
			);
			runOnlyForDeploymentPostprocessing = 0;
		};
/* End PBXSourcesBuildPhase section */

/* Begin PBXVariantGroup section */
		D285F5FB262B7C9800B47125 /* Main.storyboard */ = {
			isa = PBXVariantGroup;
			children = (
				D285F5FC262B7C9800B47125 /* Base */,
			);
			name = Main.storyboard;
			sourceTree = "<group>";
		};
		D285F600262B7C9900B47125 /* LaunchScreen.storyboard */ = {
			isa = PBXVariantGroup;
			children = (
				D285F601262B7C9900B47125 /* Base */,
			);
			name = LaunchScreen.storyboard;
			sourceTree = "<group>";
		};
/* End PBXVariantGroup section */

/* Begin XCBuildConfiguration section */
		D285F604262B7C9900B47125 /* Debug */ = {
			isa = XCBuildConfiguration;
			buildSettings = {
				ALWAYS_SEARCH_USER_PATHS = NO;
				CLANG_ANALYZER_NONNULL = YES;
				CLANG_ANALYZER_NUMBER_OBJECT_CONVERSION = YES_AGGRESSIVE;
				CLANG_CXX_LANGUAGE_STANDARD = "gnu++14";
				CLANG_CXX_LIBRARY = "libc++";
				CLANG_ENABLE_MODULES = YES;
				CLANG_ENABLE_OBJC_ARC = YES;
				CLANG_ENABLE_OBJC_WEAK = YES;
				CLANG_WARN_BLOCK_CAPTURE_AUTORELEASING = YES;
				CLANG_WARN_BOOL_CONVERSION = YES;
				CLANG_WARN_COMMA = YES;
				CLANG_WARN_CONSTANT_CONVERSION = YES;
				CLANG_WARN_DEPRECATED_OBJC_IMPLEMENTATIONS = YES;
				CLANG_WARN_DIRECT_OBJC_ISA_USAGE = YES_ERROR;
				CLANG_WARN_DOCUMENTATION_COMMENTS = YES;
				CLANG_WARN_EMPTY_BODY = YES;
				CLANG_WARN_ENUM_CONVERSION = YES;
				CLANG_WARN_INFINITE_RECURSION = YES;
				CLANG_WARN_INT_CONVERSION = YES;
				CLANG_WARN_NON_LITERAL_NULL_CONVERSION = YES;
				CLANG_WARN_OBJC_IMPLICIT_RETAIN_SELF = YES;
				CLANG_WARN_OBJC_LITERAL_CONVERSION = YES;
				CLANG_WARN_OBJC_ROOT_CLASS = YES_ERROR;
				CLANG_WARN_QUOTED_INCLUDE_IN_FRAMEWORK_HEADER = YES;
				CLANG_WARN_RANGE_LOOP_ANALYSIS = YES;
				CLANG_WARN_STRICT_PROTOTYPES = YES;
				CLANG_WARN_SUSPICIOUS_MOVE = YES;
				CLANG_WARN_UNGUARDED_AVAILABILITY = YES_AGGRESSIVE;
				CLANG_WARN_UNREACHABLE_CODE = YES;
				CLANG_WARN__DUPLICATE_METHOD_MATCH = YES;
				COPY_PHASE_STRIP = NO;
				DEBUG_INFORMATION_FORMAT = dwarf;
				ENABLE_STRICT_OBJC_MSGSEND = YES;
				ENABLE_TESTABILITY = YES;
				GCC_C_LANGUAGE_STANDARD = gnu11;
				GCC_DYNAMIC_NO_PIC = NO;
				GCC_NO_COMMON_BLOCKS = YES;
				GCC_OPTIMIZATION_LEVEL = 0;
				GCC_PREPROCESSOR_DEFINITIONS = (
					"DEBUG=1",
					"$(inherited)",
				);
				GCC_WARN_64_TO_32_BIT_CONVERSION = YES;
				GCC_WARN_ABOUT_RETURN_TYPE = YES_ERROR;
				GCC_WARN_UNDECLARED_SELECTOR = YES;
				GCC_WARN_UNINITIALIZED_AUTOS = YES_AGGRESSIVE;
				GCC_WARN_UNUSED_FUNCTION = YES;
				GCC_WARN_UNUSED_VARIABLE = YES;
				IPHONEOS_DEPLOYMENT_TARGET = 14.4;
				MTL_ENABLE_DEBUG_INFO = INCLUDE_SOURCE;
				MTL_FAST_MATH = YES;
				ONLY_ACTIVE_ARCH = YES;
				SDKROOT = iphoneos;
				SWIFT_ACTIVE_COMPILATION_CONDITIONS = DEBUG;
				SWIFT_OPTIMIZATION_LEVEL = "-Onone";
			};
			name = Debug;
		};
		D285F605262B7C9900B47125 /* Release */ = {
			isa = XCBuildConfiguration;
			buildSettings = {
				ALWAYS_SEARCH_USER_PATHS = NO;
				CLANG_ANALYZER_NONNULL = YES;
				CLANG_ANALYZER_NUMBER_OBJECT_CONVERSION = YES_AGGRESSIVE;
				CLANG_CXX_LANGUAGE_STANDARD = "gnu++14";
				CLANG_CXX_LIBRARY = "libc++";
				CLANG_ENABLE_MODULES = YES;
				CLANG_ENABLE_OBJC_ARC = YES;
				CLANG_ENABLE_OBJC_WEAK = YES;
				CLANG_WARN_BLOCK_CAPTURE_AUTORELEASING = YES;
				CLANG_WARN_BOOL_CONVERSION = YES;
				CLANG_WARN_COMMA = YES;
				CLANG_WARN_CONSTANT_CONVERSION = YES;
				CLANG_WARN_DEPRECATED_OBJC_IMPLEMENTATIONS = YES;
				CLANG_WARN_DIRECT_OBJC_ISA_USAGE = YES_ERROR;
				CLANG_WARN_DOCUMENTATION_COMMENTS = YES;
				CLANG_WARN_EMPTY_BODY = YES;
				CLANG_WARN_ENUM_CONVERSION = YES;
				CLANG_WARN_INFINITE_RECURSION = YES;
				CLANG_WARN_INT_CONVERSION = YES;
				CLANG_WARN_NON_LITERAL_NULL_CONVERSION = YES;
				CLANG_WARN_OBJC_IMPLICIT_RETAIN_SELF = YES;
				CLANG_WARN_OBJC_LITERAL_CONVERSION = YES;
				CLANG_WARN_OBJC_ROOT_CLASS = YES_ERROR;
				CLANG_WARN_QUOTED_INCLUDE_IN_FRAMEWORK_HEADER = YES;
				CLANG_WARN_RANGE_LOOP_ANALYSIS = YES;
				CLANG_WARN_STRICT_PROTOTYPES = YES;
				CLANG_WARN_SUSPICIOUS_MOVE = YES;
				CLANG_WARN_UNGUARDED_AVAILABILITY = YES_AGGRESSIVE;
				CLANG_WARN_UNREACHABLE_CODE = YES;
				CLANG_WARN__DUPLICATE_METHOD_MATCH = YES;
				COPY_PHASE_STRIP = NO;
				DEBUG_INFORMATION_FORMAT = "dwarf-with-dsym";
				ENABLE_NS_ASSERTIONS = NO;
				ENABLE_STRICT_OBJC_MSGSEND = YES;
				GCC_C_LANGUAGE_STANDARD = gnu11;
				GCC_NO_COMMON_BLOCKS = YES;
				GCC_WARN_64_TO_32_BIT_CONVERSION = YES;
				GCC_WARN_ABOUT_RETURN_TYPE = YES_ERROR;
				GCC_WARN_UNDECLARED_SELECTOR = YES;
				GCC_WARN_UNINITIALIZED_AUTOS = YES_AGGRESSIVE;
				GCC_WARN_UNUSED_FUNCTION = YES;
				GCC_WARN_UNUSED_VARIABLE = YES;
				IPHONEOS_DEPLOYMENT_TARGET = 14.4;
				MTL_ENABLE_DEBUG_INFO = NO;
				MTL_FAST_MATH = YES;
				SDKROOT = iphoneos;
				SWIFT_COMPILATION_MODE = wholemodule;
				SWIFT_OPTIMIZATION_LEVEL = "-O";
				VALIDATE_PRODUCT = YES;
			};
			name = Release;
		};
		D285F607262B7C9900B47125 /* Debug */ = {
			isa = XCBuildConfiguration;
			buildSettings = {
				ASSETCATALOG_COMPILER_APPICON_NAME = AppIcon;
				ASSETCATALOG_COMPILER_GLOBAL_ACCENT_COLOR_NAME = AccentColor;
				CODE_SIGN_STYLE = Automatic;
				DEVELOPMENT_TEAM = 4MHXQ8N5LK;
				INFOPLIST_FILE = Produtividade/Info.plist;
				LD_RUNPATH_SEARCH_PATHS = (
					"$(inherited)",
					"@executable_path/Frameworks",
				);
				PRODUCT_BUNDLE_IDENTIFIER = "Victor-Ponciano.Produtividade";
				PRODUCT_NAME = "$(TARGET_NAME)";
				SWIFT_VERSION = 5.0;
				TARGETED_DEVICE_FAMILY = "1,2";
			};
			name = Debug;
		};
		D285F608262B7C9900B47125 /* Release */ = {
			isa = XCBuildConfiguration;
			buildSettings = {
				ASSETCATALOG_COMPILER_APPICON_NAME = AppIcon;
				ASSETCATALOG_COMPILER_GLOBAL_ACCENT_COLOR_NAME = AccentColor;
				CODE_SIGN_STYLE = Automatic;
				DEVELOPMENT_TEAM = 4MHXQ8N5LK;
				INFOPLIST_FILE = Produtividade/Info.plist;
				LD_RUNPATH_SEARCH_PATHS = (
					"$(inherited)",
					"@executable_path/Frameworks",
				);
				PRODUCT_BUNDLE_IDENTIFIER = "Victor-Ponciano.Produtividade";
				PRODUCT_NAME = "$(TARGET_NAME)";
				SWIFT_VERSION = 5.0;
				TARGETED_DEVICE_FAMILY = "1,2";
			};
			name = Release;
		};
/* End XCBuildConfiguration section */

/* Begin XCConfigurationList section */
		D285F5ED262B7C9800B47125 /* Build configuration list for PBXProject "Produtividade" */ = {
			isa = XCConfigurationList;
			buildConfigurations = (
				D285F604262B7C9900B47125 /* Debug */,
				D285F605262B7C9900B47125 /* Release */,
			);
			defaultConfigurationIsVisible = 0;
			defaultConfigurationName = Release;
		};
		D285F606262B7C9900B47125 /* Build configuration list for PBXNativeTarget "Produtividade" */ = {
			isa = XCConfigurationList;
			buildConfigurations = (
				D285F607262B7C9900B47125 /* Debug */,
				D285F608262B7C9900B47125 /* Release */,
			);
			defaultConfigurationIsVisible = 0;
			defaultConfigurationName = Release;
		};
/* End XCConfigurationList section */
	};
	rootObject = D285F5EA262B7C9800B47125 /* Project object */;
}
